
Microsoft Visual Studio Solution File, Format Version 12.00
# Visual Studio Version 16
VisualStudioVersion = 16.0.30002.166
MinimumVisualStudioVersion = 10.0.40219.1
Project("{FAE04EC0-301F-11D3-BF4B-00C04F79EFBC}") = "BlindHTML", "BlindHTML.csproj", "{6FE1D1D4-C180-46D1-8D28-9139E5032443}"
EndProject
Global
	GlobalSection(SolutionConfigurationPlatforms) = preSolution
		Debug|Any CPU = Debug|Any CPU
		Release|Any CPU = Release|Any CPU
	EndGlobalSection
	GlobalSection(ProjectConfigurationPlatforms) = postSolution
		{6FE1D1D4-C180-46D1-8D28-9139E5032443}.Debug|Any CPU.ActiveCfg = Debug|Any CPU
		{6FE1D1D4-C180-46D1-8D28-9139E5032443}.Debug|Any CPU.Build.0 = Debug|Any CPU
		{6FE1D1D4-C180-46D1-8D28-9139E5032443}.Release|Any CPU.ActiveCfg = Release|Any CPU
		{6FE1D1D4-C180-46D1-8D28-9139E5032443}.Release|Any CPU.Build.0 = Release|Any CPU
	EndGlobalSection
	GlobalSection(SolutionProperties) = preSolution
		HideSolutionNode = FALSE
	EndGlobalSection
	GlobalSection(ExtensibilityGlobals) = postSolution
		SolutionGuid = {84352F57-3956-4D34-A8E3-37A0CF5DD7FF}
	EndGlobalSection
EndGlobal
